
Microsoft Visual Studio Solution File, Format Version 12.00
# Visual Studio Version 16
VisualStudioVersion = 16.0.31624.102
MinimumVisualStudioVersion = 10.0.40219.1
Project("{FAE04EC0-301F-11D3-BF4B-00C04F79EFBC}") = "Alarm501", "..\Alarm501\Alarm501.csproj", "{9993BF61-54B2-4FA8-9358-32B4776C635C}"
EndProject
Global
	GlobalSection(SolutionConfigurationPlatforms) = preSolution
		Debug|Any CPU = Debug|Any CPU
		Release|Any CPU = Release|Any CPU
	EndGlobalSection
	GlobalSection(ProjectConfigurationPlatforms) = postSolution
		{9993BF61-54B2-4FA8-9358-32B4776C635C}.Debug|Any CPU.ActiveCfg = Debug|Any CPU
		{9993BF61-54B2-4FA8-9358-32B4776C635C}.Debug|Any CPU.Build.0 = Debug|Any CPU
		{9993BF61-54B2-4FA8-9358-32B4776C635C}.Release|Any CPU.ActiveCfg = Release|Any CPU
		{9993BF61-54B2-4FA8-9358-32B4776C635C}.Release|Any CPU.Build.0 = Release|Any CPU
	EndGlobalSection
	GlobalSection(SolutionProperties) = preSolution
		HideSolutionNode = FALSE
	EndGlobalSection
	GlobalSection(ExtensibilityGlobals) = postSolution
		SolutionGuid = {D623C476-D4D5-4F85-B3E5-C09AB5AD0652}
	EndGlobalSection
EndGlobal
